
Microsoft Visual Studio Solution File, Format Version 12.00
# Visual Studio 2015
Project("{FAE04EC0-301F-11D3-BF4B-00C04F79EFBC}") = "Heroes.CSharp.Plugins", "Heroes.CSharp.Plugins.csproj", "{EB939F86-865F-8134-8AF2-87512B0108A0}"
EndProject
Project("{FAE04EC0-301F-11D3-BF4B-00C04F79EFBC}") = "Heroes.CSharp", "Heroes.CSharp.csproj", "{94EB6A7B-1E50-1211-1397-9A044FB553D0}"
EndProject
Global
	GlobalSection(SolutionConfigurationPlatforms) = preSolution
		Debug|Any CPU = Debug|Any CPU
		Release|Any CPU = Release|Any CPU
	EndGlobalSection
	GlobalSection(ProjectConfigurationPlatforms) = postSolution
		{EB939F86-865F-8134-8AF2-87512B0108A0}.Debug|Any CPU.ActiveCfg = Debug|Any CPU
		{EB939F86-865F-8134-8AF2-87512B0108A0}.Debug|Any CPU.Build.0 = Debug|Any CPU
		{EB939F86-865F-8134-8AF2-87512B0108A0}.Release|Any CPU.ActiveCfg = Release|Any CPU
		{EB939F86-865F-8134-8AF2-87512B0108A0}.Release|Any CPU.Build.0 = Release|Any CPU
		{94EB6A7B-1E50-1211-1397-9A044FB553D0}.Debug|Any CPU.ActiveCfg = Debug|Any CPU
		{94EB6A7B-1E50-1211-1397-9A044FB553D0}.Debug|Any CPU.Build.0 = Debug|Any CPU
		{94EB6A7B-1E50-1211-1397-9A044FB553D0}.Release|Any CPU.ActiveCfg = Release|Any CPU
		{94EB6A7B-1E50-1211-1397-9A044FB553D0}.Release|Any CPU.Build.0 = Release|Any CPU
	EndGlobalSection
	GlobalSection(SolutionProperties) = preSolution
		HideSolutionNode = FALSE
	EndGlobalSection
EndGlobal
